# This file is automatically @generated by Cargo.
# It is not intended for manual editing.
version = 3

[[package]]
name = "autocfg"
version = "1.1.0"
source = "registry+https://github.com/rust-lang/crates.io-index"
checksum = "d468802bab17cbc0cc575e9b053f41e72aa36bfa6b7f55e3529ffa43161b97fa"

[[package]]
name = "num-traits"
version = "0.2.18"
source = "git+https://github.com/rust-num/num-traits.git?branch=master#eb20b4022c2dd8191ddd1160399d927886830764"
dependencies = [
 "autocfg",
]

[[package]]
name = "signal_processing"
version = "0.1.0"
dependencies = [
 "vec-utilities",
]

[[package]]
name = "vec-utilities"
version = "0.1.0"
source = "git+https://github.com/AnBowell/vec-utilities.git?branch=feat-generics#bcabe48360f2c51ea557cd3d2d2a9137077cecaa"
dependencies = [
 "num-traits",
]
